
Microsoft Visual Studio Solution File, Format Version 12.00
# Visual Studio Version 16
VisualStudioVersion = 16.0.29728.190
MinimumVisualStudioVersion = 10.0.40219.1
Project("{FAE04EC0-301F-11D3-BF4B-00C04F79EFBC}") = "HFZMVC", "HFZMVC.csproj", "{EE17E12B-A142-463F-93F2-87D1B5AB8060}"
EndProject
Project("{FAE04EC0-301F-11D3-BF4B-00C04F79EFBC}") = "HFZMVC.Tests", "..\HFZMVC.Tests\HFZMVC.Tests.csproj", "{046AF259-255F-4A16-94E6-358396CEF8E7}"
EndProject
Global
	GlobalSection(SolutionConfigurationPlatforms) = preSolution
		Debug|Any CPU = Debug|Any CPU
		Release|Any CPU = Release|Any CPU
	EndGlobalSection
	GlobalSection(ProjectConfigurationPlatforms) = postSolution
		{EE17E12B-A142-463F-93F2-87D1B5AB8060}.Debug|Any CPU.ActiveCfg = Debug|Any CPU
		{EE17E12B-A142-463F-93F2-87D1B5AB8060}.Debug|Any CPU.Build.0 = Debug|Any CPU
		{EE17E12B-A142-463F-93F2-87D1B5AB8060}.Release|Any CPU.ActiveCfg = Release|Any CPU
		{EE17E12B-A142-463F-93F2-87D1B5AB8060}.Release|Any CPU.Build.0 = Release|Any CPU
		{046AF259-255F-4A16-94E6-358396CEF8E7}.Debug|Any CPU.ActiveCfg = Debug|Any CPU
		{046AF259-255F-4A16-94E6-358396CEF8E7}.Debug|Any CPU.Build.0 = Debug|Any CPU
		{046AF259-255F-4A16-94E6-358396CEF8E7}.Release|Any CPU.ActiveCfg = Release|Any CPU
		{046AF259-255F-4A16-94E6-358396CEF8E7}.Release|Any CPU.Build.0 = Release|Any CPU
	EndGlobalSection
	GlobalSection(SolutionProperties) = preSolution
		HideSolutionNode = FALSE
	EndGlobalSection
	GlobalSection(ExtensibilityGlobals) = postSolution
		SolutionGuid = {D5DAD76B-6225-429E-8255-8CD1C9D07448}
	EndGlobalSection
EndGlobal
